
Microsoft Visual Studio Solution File, Format Version 12.00
# Visual Studio 15
VisualStudioVersion = 15.0.26228.9
MinimumVisualStudioVersion = 10.0.40219.1
Project("{8BC9CEB8-8B4A-11D0-8D11-00A0C91BC942}") = "HD44780", "HD44780\HD44780.vcxproj", "{0F463BF9-664B-4E09-8D9A-7C973937E361}"
EndProject
Global
	GlobalSection(SolutionConfigurationPlatforms) = preSolution
		Debug|ARM = Debug|ARM
		Release|ARM = Release|ARM
	EndGlobalSection
	GlobalSection(ProjectConfigurationPlatforms) = postSolution
		{0F463BF9-664B-4E09-8D9A-7C973937E361}.Debug|ARM.ActiveCfg = Debug|ARM
		{0F463BF9-664B-4E09-8D9A-7C973937E361}.Debug|ARM.Build.0 = Debug|ARM
		{0F463BF9-664B-4E09-8D9A-7C973937E361}.Release|ARM.ActiveCfg = Release|ARM
		{0F463BF9-664B-4E09-8D9A-7C973937E361}.Release|ARM.Build.0 = Release|ARM
	EndGlobalSection
	GlobalSection(SolutionProperties) = preSolution
		HideSolutionNode = FALSE
	EndGlobalSection
EndGlobal
